// !$*UTF8*$!
{
	archiveVersion = 1;
	classes = {
	};
	objectVersion = 56;
	objects = {

/* Begin PBXBuildFile section */
		9CB340462BC97D7200E4CC7C /* Node.m in Sources */ = {isa = PBXBuildFile; fileRef = 9CB340452BC97D7200E4CC7C /* Node.m */; };
		9CB767262BC9A8BD0014CA38 /* Express.m in Sources */ = {isa = PBXBuildFile; fileRef = 9CB767252BC9A8BD0014CA38 /* Express.m */; };
		9CC0775A2BBC45E300C29EB8 /* main.m in Sources */ = {isa = PBXBuildFile; fileRef = 9CC077592BBC45E300C29EB8 /* main.m */; };
		9CC973502BC58D0700AAE92B /* Parser.m in Sources */ = {isa = PBXBuildFile; fileRef = 9CC9734F2BC58D0700AAE92B /* Parser.m */; };
		9CCD87FF2BCB93A20093C921 /* VM.m in Sources */ = {isa = PBXBuildFile; fileRef = 9CCD87FE2BCB93A20093C921 /* VM.m */; };
/* End PBXBuildFile section */

/* Begin PBXCopyFilesBuildPhase section */
		9CC077542BBC45E300C29EB8 /* CopyFiles */ = {
			isa = PBXCopyFilesBuildPhase;
			buildActionMask = 2147483647;
			dstPath = /usr/share/man/man1/;
			dstSubfolderSpec = 0;
			files = (
			);
			runOnlyForDeploymentPostprocessing = 1;
		};
/* End PBXCopyFilesBuildPhase section */

/* Begin PBXFileReference section */
		9CB340442BC97D7200E4CC7C /* Node.h */ = {isa = PBXFileReference; lastKnownFileType = sourcecode.c.h; path = Node.h; sourceTree = "<group>"; };
		9CB340452BC97D7200E4CC7C /* Node.m */ = {isa = PBXFileReference; lastKnownFileType = sourcecode.c.objc; path = Node.m; sourceTree = "<group>"; };
		9CB767242BC9A8BD0014CA38 /* Express.h */ = {isa = PBXFileReference; lastKnownFileType = sourcecode.c.h; path = Express.h; sourceTree = "<group>"; };
		9CB767252BC9A8BD0014CA38 /* Express.m */ = {isa = PBXFileReference; lastKnownFileType = sourcecode.c.objc; path = Express.m; sourceTree = "<group>"; };
		9CC077562BBC45E300C29EB8 /* csapp */ = {isa = PBXFileReference; explicitFileType = "compiled.mach-o.executable"; includeInIndex = 0; path = csapp; sourceTree = BUILT_PRODUCTS_DIR; };
		9CC077592BBC45E300C29EB8 /* main.m */ = {isa = PBXFileReference; lastKnownFileType = sourcecode.c.objc; path = main.m; sourceTree = "<group>"; };
		9CC9734E2BC58D0700AAE92B /* Parser.h */ = {isa = PBXFileReference; lastKnownFileType = sourcecode.c.h; path = Parser.h; sourceTree = "<group>"; };
		9CC9734F2BC58D0700AAE92B /* Parser.m */ = {isa = PBXFileReference; lastKnownFileType = sourcecode.c.objc; path = Parser.m; sourceTree = "<group>"; };
		9CCD87FD2BCB93A20093C921 /* VM.h */ = {isa = PBXFileReference; lastKnownFileType = sourcecode.c.h; path = VM.h; sourceTree = "<group>"; };
		9CCD87FE2BCB93A20093C921 /* VM.m */ = {isa = PBXFileReference; lastKnownFileType = sourcecode.c.objc; path = VM.m; sourceTree = "<group>"; };
		9CD526972BEA5CC8008179F5 /* inst.txt */ = {isa = PBXFileReference; lastKnownFileType = text; path = inst.txt; sourceTree = "<group>"; };
/* End PBXFileReference section */

/* Begin PBXFrameworksBuildPhase section */
		9CC077532BBC45E300C29EB8 /* Frameworks */ = {
			isa = PBXFrameworksBuildPhase;
			buildActionMask = 2147483647;
			files = (
			);
			runOnlyForDeploymentPostprocessing = 0;
		};
/* End PBXFrameworksBuildPhase section */

/* Begin PBXGroup section */
		9CC0774D2BBC45E300C29EB8 = {
			isa = PBXGroup;
			children = (
				9CC077582BBC45E300C29EB8 /* csapp */,
				9CC077572BBC45E300C29EB8 /* Products */,
			);
			sourceTree = "<group>";
		};
		9CC077572BBC45E300C29EB8 /* Products */ = {
			isa = PBXGroup;
			children = (
				9CC077562BBC45E300C29EB8 /* csapp */,
			);
			name = Products;
			sourceTree = "<group>";
		};
		9CC077582BBC45E300C29EB8 /* csapp */ = {
			isa = PBXGroup;
			children = (
				9CC9734D2BC58CE500AAE92B /* parser */,
				9CC077622BBC46AB00C29EB8 /* disk */,
				9CC077612BBC468700C29EB8 /* memory */,
				9CC077602BBC467D00C29EB8 /* cpu */,
				9CC077592BBC45E300C29EB8 /* main.m */,
			);
			path = csapp;
			sourceTree = "<group>";
		};
		9CC077602BBC467D00C29EB8 /* cpu */ = {
			isa = PBXGroup;
			children = (
			);
			path = cpu;
			sourceTree = "<group>";
		};
		9CC077612BBC468700C29EB8 /* memory */ = {
			isa = PBXGroup;
			children = (
			);
			path = memory;
			sourceTree = "<group>";
		};
		9CC077622BBC46AB00C29EB8 /* disk */ = {
			isa = PBXGroup;
			children = (
			);
			path = disk;
			sourceTree = "<group>";
		};
		9CC9734D2BC58CE500AAE92B /* parser */ = {
			isa = PBXGroup;
			children = (
				9CC9734E2BC58D0700AAE92B /* Parser.h */,
				9CC9734F2BC58D0700AAE92B /* Parser.m */,
				9CB340442BC97D7200E4CC7C /* Node.h */,
				9CB340452BC97D7200E4CC7C /* Node.m */,
				9CB767242BC9A8BD0014CA38 /* Express.h */,
				9CB767252BC9A8BD0014CA38 /* Express.m */,
				9CCD87FD2BCB93A20093C921 /* VM.h */,
				9CCD87FE2BCB93A20093C921 /* VM.m */,
				9CD526972BEA5CC8008179F5 /* inst.txt */,
			);
			path = parser;
			sourceTree = "<group>";
		};
/* End PBXGroup section */

/* Begin PBXNativeTarget section */
		9CC077552BBC45E300C29EB8 /* csapp */ = {
			isa = PBXNativeTarget;
			buildConfigurationList = 9CC0775D2BBC45E300C29EB8 /* Build configuration list for PBXNativeTarget "csapp" */;
			buildPhases = (
				9CC077522BBC45E300C29EB8 /* Sources */,
				9CC077532BBC45E300C29EB8 /* Frameworks */,
				9CC077542BBC45E300C29EB8 /* CopyFiles */,
			);
			buildRules = (
			);
			dependencies = (
			);
			name = csapp;
			productName = csapp;
			productReference = 9CC077562BBC45E300C29EB8 /* csapp */;
			productType = "com.apple.product-type.tool";
		};
/* End PBXNativeTarget section */

/* Begin PBXProject section */
		9CC0774E2BBC45E300C29EB8 /* Project object */ = {
			isa = PBXProject;
			attributes = {
				BuildIndependentTargetsInParallel = 1;
				LastUpgradeCheck = 1520;
				TargetAttributes = {
					9CC077552BBC45E300C29EB8 = {
						CreatedOnToolsVersion = 15.2;
					};
				};
			};
			buildConfigurationList = 9CC077512BBC45E300C29EB8 /* Build configuration list for PBXProject "csapp" */;
			compatibilityVersion = "Xcode 14.0";
			developmentRegion = en;
			hasScannedForEncodings = 0;
			knownRegions = (
				en,
				Base,
			);
			mainGroup = 9CC0774D2BBC45E300C29EB8;
			productRefGroup = 9CC077572BBC45E300C29EB8 /* Products */;
			projectDirPath = "";
			projectRoot = "";
			targets = (
				9CC077552BBC45E300C29EB8 /* csapp */,
			);
		};
/* End PBXProject section */

/* Begin PBXSourcesBuildPhase section */
		9CC077522BBC45E300C29EB8 /* Sources */ = {
			isa = PBXSourcesBuildPhase;
			buildActionMask = 2147483647;
			files = (
				9CC973502BC58D0700AAE92B /* Parser.m in Sources */,
				9CB340462BC97D7200E4CC7C /* Node.m in Sources */,
				9CB767262BC9A8BD0014CA38 /* Express.m in Sources */,
				9CC0775A2BBC45E300C29EB8 /* main.m in Sources */,
				9CCD87FF2BCB93A20093C921 /* VM.m in Sources */,
			);
			runOnlyForDeploymentPostprocessing = 0;
		};
/* End PBXSourcesBuildPhase section */

/* Begin XCBuildConfiguration section */
		9CC0775B2BBC45E300C29EB8 /* Debug */ = {
			isa = XCBuildConfiguration;
			buildSettings = {
				ALWAYS_SEARCH_USER_PATHS = NO;
				ASSETCATALOG_COMPILER_GENERATE_SWIFT_ASSET_SYMBOL_EXTENSIONS = YES;
				CLANG_ANALYZER_NONNULL = YES;
				CLANG_ANALYZER_NUMBER_OBJECT_CONVERSION = YES_AGGRESSIVE;
				CLANG_CXX_LANGUAGE_STANDARD = "gnu++20";
				CLANG_ENABLE_MODULES = YES;
				CLANG_ENABLE_OBJC_ARC = YES;
				CLANG_ENABLE_OBJC_WEAK = YES;
				CLANG_WARN_BLOCK_CAPTURE_AUTORELEASING = YES;
				CLANG_WARN_BOOL_CONVERSION = YES;
				CLANG_WARN_COMMA = YES;
				CLANG_WARN_CONSTANT_CONVERSION = YES;
				CLANG_WARN_DEPRECATED_OBJC_IMPLEMENTATIONS = YES;
				CLANG_WARN_DIRECT_OBJC_ISA_USAGE = YES_ERROR;
				CLANG_WARN_DOCUMENTATION_COMMENTS = YES;
				CLANG_WARN_EMPTY_BODY = YES;
				CLANG_WARN_ENUM_CONVERSION = YES;
				CLANG_WARN_INFINITE_RECURSION = YES;
				CLANG_WARN_INT_CONVERSION = YES;
				CLANG_WARN_NON_LITERAL_NULL_CONVERSION = YES;
				CLANG_WARN_OBJC_IMPLICIT_RETAIN_SELF = YES;
				CLANG_WARN_OBJC_LITERAL_CONVERSION = YES;
				CLANG_WARN_OBJC_ROOT_CLASS = YES_ERROR;
				CLANG_WARN_QUOTED_INCLUDE_IN_FRAMEWORK_HEADER = YES;
				CLANG_WARN_RANGE_LOOP_ANALYSIS = YES;
				CLANG_WARN_STRICT_PROTOTYPES = YES;
				CLANG_WARN_SUSPICIOUS_MOVE = YES;
				CLANG_WARN_UNGUARDED_AVAILABILITY = YES_AGGRESSIVE;
				CLANG_WARN_UNREACHABLE_CODE = YES;
				CLANG_WARN__DUPLICATE_METHOD_MATCH = YES;
				COPY_PHASE_STRIP = NO;
				DEBUG_INFORMATION_FORMAT = dwarf;
				ENABLE_STRICT_OBJC_MSGSEND = YES;
				ENABLE_TESTABILITY = YES;
				ENABLE_USER_SCRIPT_SANDBOXING = YES;
				GCC_C_LANGUAGE_STANDARD = gnu17;
				GCC_DYNAMIC_NO_PIC = NO;
				GCC_NO_COMMON_BLOCKS = YES;
				GCC_OPTIMIZATION_LEVEL = 0;
				GCC_PREPROCESSOR_DEFINITIONS = (
					"DEBUG=1",
					"$(inherited)",
				);
				GCC_WARN_64_TO_32_BIT_CONVERSION = YES;
				GCC_WARN_ABOUT_RETURN_TYPE = YES_ERROR;
				GCC_WARN_UNDECLARED_SELECTOR = YES;
				GCC_WARN_UNINITIALIZED_AUTOS = YES_AGGRESSIVE;
				GCC_WARN_UNUSED_FUNCTION = YES;
				GCC_WARN_UNUSED_VARIABLE = YES;
				LOCALIZATION_PREFERS_STRING_CATALOGS = YES;
				MACOSX_DEPLOYMENT_TARGET = 14.2;
				MTL_ENABLE_DEBUG_INFO = INCLUDE_SOURCE;
				MTL_FAST_MATH = YES;
				ONLY_ACTIVE_ARCH = YES;
				SDKROOT = macosx;
			};
			name = Debug;
		};
		9CC0775C2BBC45E300C29EB8 /* Release */ = {
			isa = XCBuildConfiguration;
			buildSettings = {
				ALWAYS_SEARCH_USER_PATHS = NO;
				ASSETCATALOG_COMPILER_GENERATE_SWIFT_ASSET_SYMBOL_EXTENSIONS = YES;
				CLANG_ANALYZER_NONNULL = YES;
				CLANG_ANALYZER_NUMBER_OBJECT_CONVERSION = YES_AGGRESSIVE;
				CLANG_CXX_LANGUAGE_STANDARD = "gnu++20";
				CLANG_ENABLE_MODULES = YES;
				CLANG_ENABLE_OBJC_ARC = YES;
				CLANG_ENABLE_OBJC_WEAK = YES;
				CLANG_WARN_BLOCK_CAPTURE_AUTORELEASING = YES;
				CLANG_WARN_BOOL_CONVERSION = YES;
				CLANG_WARN_COMMA = YES;
				CLANG_WARN_CONSTANT_CONVERSION = YES;
				CLANG_WARN_DEPRECATED_OBJC_IMPLEMENTATIONS = YES;
				CLANG_WARN_DIRECT_OBJC_ISA_USAGE = YES_ERROR;
				CLANG_WARN_DOCUMENTATION_COMMENTS = YES;
				CLANG_WARN_EMPTY_BODY = YES;
				CLANG_WARN_ENUM_CONVERSION = YES;
				CLANG_WARN_INFINITE_RECURSION = YES;
				CLANG_WARN_INT_CONVERSION = YES;
				CLANG_WARN_NON_LITERAL_NULL_CONVERSION = YES;
				CLANG_WARN_OBJC_IMPLICIT_RETAIN_SELF = YES;
				CLANG_WARN_OBJC_LITERAL_CONVERSION = YES;
				CLANG_WARN_OBJC_ROOT_CLASS = YES_ERROR;
				CLANG_WARN_QUOTED_INCLUDE_IN_FRAMEWORK_HEADER = YES;
				CLANG_WARN_RANGE_LOOP_ANALYSIS = YES;
				CLANG_WARN_STRICT_PROTOTYPES = YES;
				CLANG_WARN_SUSPICIOUS_MOVE = YES;
				CLANG_WARN_UNGUARDED_AVAILABILITY = YES_AGGRESSIVE;
				CLANG_WARN_UNREACHABLE_CODE = YES;
				CLANG_WARN__DUPLICATE_METHOD_MATCH = YES;
				COPY_PHASE_STRIP = NO;
				DEBUG_INFORMATION_FORMAT = "dwarf-with-dsym";
				ENABLE_NS_ASSERTIONS = NO;
				ENABLE_STRICT_OBJC_MSGSEND = YES;
				ENABLE_USER_SCRIPT_SANDBOXING = YES;
				GCC_C_LANGUAGE_STANDARD = gnu17;
				GCC_NO_COMMON_BLOCKS = YES;
				GCC_WARN_64_TO_32_BIT_CONVERSION = YES;
				GCC_WARN_ABOUT_RETURN_TYPE = YES_ERROR;
				GCC_WARN_UNDECLARED_SELECTOR = YES;
				GCC_WARN_UNINITIALIZED_AUTOS = YES_AGGRESSIVE;
				GCC_WARN_UNUSED_FUNCTION = YES;
				GCC_WARN_UNUSED_VARIABLE = YES;
				LOCALIZATION_PREFERS_STRING_CATALOGS = YES;
				MACOSX_DEPLOYMENT_TARGET = 14.2;
				MTL_ENABLE_DEBUG_INFO = NO;
				MTL_FAST_MATH = YES;
				SDKROOT = macosx;
			};
			name = Release;
		};
		9CC0775E2BBC45E300C29EB8 /* Debug */ = {
			isa = XCBuildConfiguration;
			buildSettings = {
				CODE_SIGN_STYLE = Automatic;
				PRODUCT_NAME = "$(TARGET_NAME)";
			};
			name = Debug;
		};
		9CC0775F2BBC45E300C29EB8 /* Release */ = {
			isa = XCBuildConfiguration;
			buildSettings = {
				CODE_SIGN_STYLE = Automatic;
				PRODUCT_NAME = "$(TARGET_NAME)";
			};
			name = Release;
		};
/* End XCBuildConfiguration section */

/* Begin XCConfigurationList section */
		9CC077512BBC45E300C29EB8 /* Build configuration list for PBXProject "csapp" */ = {
			isa = XCConfigurationList;
			buildConfigurations = (
				9CC0775B2BBC45E300C29EB8 /* Debug */,
				9CC0775C2BBC45E300C29EB8 /* Release */,
			);
			defaultConfigurationIsVisible = 0;
			defaultConfigurationName = Release;
		};
		9CC0775D2BBC45E300C29EB8 /* Build configuration list for PBXNativeTarget "csapp" */ = {
			isa = XCConfigurationList;
			buildConfigurations = (
				9CC0775E2BBC45E300C29EB8 /* Debug */,
				9CC0775F2BBC45E300C29EB8 /* Release */,
			);
			defaultConfigurationIsVisible = 0;
			defaultConfigurationName = Release;
		};
/* End XCConfigurationList section */
	};
	rootObject = 9CC0774E2BBC45E300C29EB8 /* Project object */;
}
